{
    "name": "queryable-logger",
    "version": "0.1.1",
    "lockfileVersion": 2,
    "requires": true,
    "packages": {
        "": {
            "name": "queryable-logger",
            "version": "0.1.1",
            "license": "MIT",
            "dependencies": {
                "queryable-logger": "^0.1.1"
            }
        },
        "node_modules/queryable-logger": {
            "version": "0.1.1",
            "resolved": "https://registry.npmjs.org/queryable-logger/-/queryable-logger-0.1.1.tgz",
            "integrity": "sha512-zo2K8q6LNrOrjDvMbwPDq7mWRH7gfPppzuxqd+r05LdLiXFJ/d4eWuqzooWbwqh6RWRnzcI46wkEH7sGTe+VWQ==",
            "dependencies": {
                "queryable-logger": "^0.1.0"
            }
        }
    },
    "dependencies": {
        "queryable-logger": {
            "version": "0.1.1",
            "resolved": "https://registry.npmjs.org/queryable-logger/-/queryable-logger-0.1.1.tgz",
            "integrity": "sha512-zo2K8q6LNrOrjDvMbwPDq7mWRH7gfPppzuxqd+r05LdLiXFJ/d4eWuqzooWbwqh6RWRnzcI46wkEH7sGTe+VWQ==",
            "requires": {
                "queryable-logger": "^0.1.0"
            }
        }
    }
}
