{
    "name": "queryable-logger",
    "version": "0.1.0",
    "lockfileVersion": 2,
    "requires": true,
    "packages": {
        "": {
            "name": "queryable-logger",
            "version": "0.1.0",
            "license": "MIT",
            "dependencies": {
                "queryable-logger": "^0.1.0"
            }
        },
        "node_modules/queryable-logger": {
            "version": "0.1.0",
            "resolved": "https://registry.npmjs.org/queryable-logger/-/queryable-logger-0.1.0.tgz",
            "integrity": "sha512-rJX8HOzVqdEWNMaiTgVphavrZ3/o4hZvId8ImjNzePOmdH2b5lx0aQXgPC35GT+snoyTb6QW6wzla9EkG9JIXQ=="
        }
    },
    "dependencies": {
        "queryable-logger": {
            "version": "0.1.0",
            "resolved": "https://registry.npmjs.org/queryable-logger/-/queryable-logger-0.1.0.tgz",
            "integrity": "sha512-rJX8HOzVqdEWNMaiTgVphavrZ3/o4hZvId8ImjNzePOmdH2b5lx0aQXgPC35GT+snoyTb6QW6wzla9EkG9JIXQ=="
        }
    }
}
